
Microsoft Visual Studio Solution File, Format Version 12.00
# Visual Studio Version 17
VisualStudioVersion = 17.2.32526.322
MinimumVisualStudioVersion = 10.0.40219.1
Project("{2150E333-8FDC-42A3-9474-1A3956D46DE8}") = "Solution Items", "Solution Items", "{B76279ED-723C-4E88-A3E4-78F47242867E}"
	ProjectSection(SolutionItems) = preProject
		.editorconfig = .editorconfig
	EndProjectSection
EndProject
Project("{2150E333-8FDC-42A3-9474-1A3956D46DE8}") = "CapServices", "CapServices", "{FEBEA48E-675C-444C-B946-F6F0EFF8A2A9}"
EndProject
Project("{2150E333-8FDC-42A3-9474-1A3956D46DE8}") = "CapApplications", "CapApplications", "{5AE68D1D-AB49-434A-A7F9-D64479A7B9B9}"
EndProject
Project("{2150E333-8FDC-42A3-9474-1A3956D46DE8}") = "Common", "Common", "{1BED8B5D-F93B-4E93-9025-EC3A5F297C36}"
EndProject
Project("{9A19103F-16F7-4668-BE54-9A1E7A4F7556}") = "NetApplication.Common", "Common\NetApplication.Common\NetApplication.Common.csproj", "{C4410DD4-5AC1-4BB7-8EC9-52E62C3348C5}"
EndProject
Project("{9A19103F-16F7-4668-BE54-9A1E7A4F7556}") = "NetGrpcCore.Common", "Common\NetGrpcCore.Common\NetGrpcCore.Common.csproj", "{4E840E80-76C0-4E90-95C7-0BD21F497013}"
EndProject
Project("{9A19103F-16F7-4668-BE54-9A1E7A4F7556}") = "NetProtobuf.Common", "Common\NetProtobuf.Common\NetProtobuf.Common.csproj", "{5A71B5B5-7D20-458B-9CFF-0AD3B5FF2825}"
EndProject
Project("{2150E333-8FDC-42A3-9474-1A3956D46DE8}") = "GrpcApplication", "GrpcApplication", "{E5A63358-756F-4C49-8728-ADEFD61F0A69}"
EndProject
Project("{9A19103F-16F7-4668-BE54-9A1E7A4F7556}") = "GrpcApplicationApi1", "GrpcApplication\GrpcApplicationApi1\GrpcApplicationApi1.csproj", "{D6105EAC-2D3E-4A73-AFA8-5C280E80DD07}"
EndProject
Project("{9A19103F-16F7-4668-BE54-9A1E7A4F7556}") = "GrpcApplicationApi2", "GrpcApplication\GrpcApplicationApi2\GrpcApplicationApi2.csproj", "{566626B7-1E24-4717-A160-1CC47DE288C5}"
EndProject
Project("{9A19103F-16F7-4668-BE54-9A1E7A4F7556}") = "GrpcWpfClient", "GrpcApplication\GrpcWpfClient\GrpcWpfClient.csproj", "{032CCBF7-0233-4C2D-A0CD-F33F962CBA58}"
EndProject
Project("{9A19103F-16F7-4668-BE54-9A1E7A4F7556}") = "GrpcWpfServer", "GrpcApplication\GrpcWpfServer\GrpcWpfServer.csproj", "{E173234C-778A-46CB-9D9D-15BAD8255F91}"
EndProject
Project("{9A19103F-16F7-4668-BE54-9A1E7A4F7556}") = "NetElasticsearch.Common", "Common\NetElasticsearch.Common\NetElasticsearch.Common.csproj", "{FC0D137B-507F-4685-860B-126714186690}"
EndProject
Project("{2150E333-8FDC-42A3-9474-1A3956D46DE8}") = "DbCore", "DbCore", "{779F2E82-45E3-45DB-BE4B-AA46D0BC1898}"
EndProject
Project("{2150E333-8FDC-42A3-9474-1A3956D46DE8}") = "Applications", "Applications", "{0CE79595-5738-4587-9581-33D44FBDD0E3}"
EndProject
Project("{9A19103F-16F7-4668-BE54-9A1E7A4F7556}") = "ApplicationWebApi", "WebApplicationApi\ApplicationWebApi\ApplicationWebApi.csproj", "{29555948-8947-4E19-80D7-BF8D11934C07}"
EndProject
Project("{9A19103F-16F7-4668-BE54-9A1E7A4F7556}") = "NetElasticsearchApi", "WebApplicationApi\NetElasticsearchApi\NetElasticsearchApi.csproj", "{FF1BD344-EF08-4555-A305-B8B5C5872215}"
EndProject
Project("{9A19103F-16F7-4668-BE54-9A1E7A4F7556}") = "WebApplicationCAP", "CapApplications\WebApplicationCAP\WebApplicationCAP.csproj", "{385748CF-6B5A-417F-8936-A9C116829B72}"
EndProject
Project("{9A19103F-16F7-4668-BE54-9A1E7A4F7556}") = "WebApplicationCAP2", "CapApplications\WebApplicationCAP2\WebApplicationCAP2.csproj", "{AFA6C470-7B01-43A1-A89C-95AEA80B506D}"
EndProject
Project("{9A19103F-16F7-4668-BE54-9A1E7A4F7556}") = "NetDBCore.Common", "Common\DbCommon\NetDBCore.Common\NetDBCore.Common.csproj", "{ACB1FFFC-AEE6-42ED-8C74-665117E87122}"
EndProject
Project("{9A19103F-16F7-4668-BE54-9A1E7A4F7556}") = "NetEFCore.Common", "Common\DbCommon\NetEFCore.Common\NetEFCore.Common.csproj", "{8F86BAC7-DAEE-4C2F-A38B-A41E50138251}"
EndProject
Project("{9A19103F-16F7-4668-BE54-9A1E7A4F7556}") = "NetDapper.Common", "Common\DbCommon\NetDapper.Common\NetDapper.Common.csproj", "{52211E05-F417-4637-A98E-B3569329CCAA}"
EndProject
Project("{9A19103F-16F7-4668-BE54-9A1E7A4F7556}") = "NetApplication.ICapServices", "CapApplications\CapServices\NetApplication.ICapServices\NetApplication.ICapServices.csproj", "{A08D6786-D935-41D0-AE6A-2C0D32E84F44}"
EndProject
Project("{9A19103F-16F7-4668-BE54-9A1E7A4F7556}") = "NetApplication.CapServices", "CapApplications\CapServices\NetApplication.CapServices\NetApplication.CapServices.csproj", "{18828757-C042-4966-9203-4A5D0042DA3B}"
EndProject
Project("{9A19103F-16F7-4668-BE54-9A1E7A4F7556}") = "NetApplicationCap2Service", "CapApplications\CapServices\NetApplicationCap2Service\NetApplicationCap2Service.csproj", "{D4A03EFA-940E-43DE-AB95-9FC777B581A7}"
EndProject
Project("{FAE04EC0-301F-11D3-BF4B-00C04F79EFBC}") = "NetSqlSugar.Common", "Common\DbCommon\NetSqlSugar.Common\NetSqlSugar.Common.csproj", "{F9B0730E-DAE7-4B41-8E65-6CB4F9967E44}"
EndProject
Global
	GlobalSection(SolutionConfigurationPlatforms) = preSolution
		Debug|Any CPU = Debug|Any CPU
		Release|Any CPU = Release|Any CPU
	EndGlobalSection
	GlobalSection(ProjectConfigurationPlatforms) = postSolution
		{C4410DD4-5AC1-4BB7-8EC9-52E62C3348C5}.Debug|Any CPU.ActiveCfg = Debug|Any CPU
		{C4410DD4-5AC1-4BB7-8EC9-52E62C3348C5}.Debug|Any CPU.Build.0 = Debug|Any CPU
		{C4410DD4-5AC1-4BB7-8EC9-52E62C3348C5}.Release|Any CPU.ActiveCfg = Release|Any CPU
		{C4410DD4-5AC1-4BB7-8EC9-52E62C3348C5}.Release|Any CPU.Build.0 = Release|Any CPU
		{4E840E80-76C0-4E90-95C7-0BD21F497013}.Debug|Any CPU.ActiveCfg = Debug|Any CPU
		{4E840E80-76C0-4E90-95C7-0BD21F497013}.Debug|Any CPU.Build.0 = Debug|Any CPU
		{4E840E80-76C0-4E90-95C7-0BD21F497013}.Release|Any CPU.ActiveCfg = Release|Any CPU
		{4E840E80-76C0-4E90-95C7-0BD21F497013}.Release|Any CPU.Build.0 = Release|Any CPU
		{5A71B5B5-7D20-458B-9CFF-0AD3B5FF2825}.Debug|Any CPU.ActiveCfg = Debug|Any CPU
		{5A71B5B5-7D20-458B-9CFF-0AD3B5FF2825}.Debug|Any CPU.Build.0 = Debug|Any CPU
		{5A71B5B5-7D20-458B-9CFF-0AD3B5FF2825}.Release|Any CPU.ActiveCfg = Release|Any CPU
		{5A71B5B5-7D20-458B-9CFF-0AD3B5FF2825}.Release|Any CPU.Build.0 = Release|Any CPU
		{D6105EAC-2D3E-4A73-AFA8-5C280E80DD07}.Debug|Any CPU.ActiveCfg = Debug|Any CPU
		{D6105EAC-2D3E-4A73-AFA8-5C280E80DD07}.Debug|Any CPU.Build.0 = Debug|Any CPU
		{D6105EAC-2D3E-4A73-AFA8-5C280E80DD07}.Release|Any CPU.ActiveCfg = Release|Any CPU
		{D6105EAC-2D3E-4A73-AFA8-5C280E80DD07}.Release|Any CPU.Build.0 = Release|Any CPU
		{566626B7-1E24-4717-A160-1CC47DE288C5}.Debug|Any CPU.ActiveCfg = Debug|Any CPU
		{566626B7-1E24-4717-A160-1CC47DE288C5}.Debug|Any CPU.Build.0 = Debug|Any CPU
		{566626B7-1E24-4717-A160-1CC47DE288C5}.Release|Any CPU.ActiveCfg = Release|Any CPU
		{566626B7-1E24-4717-A160-1CC47DE288C5}.Release|Any CPU.Build.0 = Release|Any CPU
		{032CCBF7-0233-4C2D-A0CD-F33F962CBA58}.Debug|Any CPU.ActiveCfg = Debug|Any CPU
		{032CCBF7-0233-4C2D-A0CD-F33F962CBA58}.Debug|Any CPU.Build.0 = Debug|Any CPU
		{032CCBF7-0233-4C2D-A0CD-F33F962CBA58}.Release|Any CPU.ActiveCfg = Release|Any CPU
		{032CCBF7-0233-4C2D-A0CD-F33F962CBA58}.Release|Any CPU.Build.0 = Release|Any CPU
		{E173234C-778A-46CB-9D9D-15BAD8255F91}.Debug|Any CPU.ActiveCfg = Debug|Any CPU
		{E173234C-778A-46CB-9D9D-15BAD8255F91}.Debug|Any CPU.Build.0 = Debug|Any CPU
		{E173234C-778A-46CB-9D9D-15BAD8255F91}.Release|Any CPU.ActiveCfg = Release|Any CPU
		{E173234C-778A-46CB-9D9D-15BAD8255F91}.Release|Any CPU.Build.0 = Release|Any CPU
		{FC0D137B-507F-4685-860B-126714186690}.Debug|Any CPU.ActiveCfg = Debug|Any CPU
		{FC0D137B-507F-4685-860B-126714186690}.Debug|Any CPU.Build.0 = Debug|Any CPU
		{FC0D137B-507F-4685-860B-126714186690}.Release|Any CPU.ActiveCfg = Release|Any CPU
		{FC0D137B-507F-4685-860B-126714186690}.Release|Any CPU.Build.0 = Release|Any CPU
		{29555948-8947-4E19-80D7-BF8D11934C07}.Debug|Any CPU.ActiveCfg = Debug|Any CPU
		{29555948-8947-4E19-80D7-BF8D11934C07}.Debug|Any CPU.Build.0 = Debug|Any CPU
		{29555948-8947-4E19-80D7-BF8D11934C07}.Release|Any CPU.ActiveCfg = Release|Any CPU
		{29555948-8947-4E19-80D7-BF8D11934C07}.Release|Any CPU.Build.0 = Release|Any CPU
		{FF1BD344-EF08-4555-A305-B8B5C5872215}.Debug|Any CPU.ActiveCfg = Debug|Any CPU
		{FF1BD344-EF08-4555-A305-B8B5C5872215}.Debug|Any CPU.Build.0 = Debug|Any CPU
		{FF1BD344-EF08-4555-A305-B8B5C5872215}.Release|Any CPU.ActiveCfg = Release|Any CPU
		{FF1BD344-EF08-4555-A305-B8B5C5872215}.Release|Any CPU.Build.0 = Release|Any CPU
		{385748CF-6B5A-417F-8936-A9C116829B72}.Debug|Any CPU.ActiveCfg = Debug|Any CPU
		{385748CF-6B5A-417F-8936-A9C116829B72}.Debug|Any CPU.Build.0 = Debug|Any CPU
		{385748CF-6B5A-417F-8936-A9C116829B72}.Release|Any CPU.ActiveCfg = Release|Any CPU
		{385748CF-6B5A-417F-8936-A9C116829B72}.Release|Any CPU.Build.0 = Release|Any CPU
		{AFA6C470-7B01-43A1-A89C-95AEA80B506D}.Debug|Any CPU.ActiveCfg = Debug|Any CPU
		{AFA6C470-7B01-43A1-A89C-95AEA80B506D}.Debug|Any CPU.Build.0 = Debug|Any CPU
		{AFA6C470-7B01-43A1-A89C-95AEA80B506D}.Release|Any CPU.ActiveCfg = Release|Any CPU
		{AFA6C470-7B01-43A1-A89C-95AEA80B506D}.Release|Any CPU.Build.0 = Release|Any CPU
		{ACB1FFFC-AEE6-42ED-8C74-665117E87122}.Debug|Any CPU.ActiveCfg = Debug|Any CPU
		{ACB1FFFC-AEE6-42ED-8C74-665117E87122}.Debug|Any CPU.Build.0 = Debug|Any CPU
		{ACB1FFFC-AEE6-42ED-8C74-665117E87122}.Release|Any CPU.ActiveCfg = Release|Any CPU
		{ACB1FFFC-AEE6-42ED-8C74-665117E87122}.Release|Any CPU.Build.0 = Release|Any CPU
		{8F86BAC7-DAEE-4C2F-A38B-A41E50138251}.Debug|Any CPU.ActiveCfg = Debug|Any CPU
		{8F86BAC7-DAEE-4C2F-A38B-A41E50138251}.Debug|Any CPU.Build.0 = Debug|Any CPU
		{8F86BAC7-DAEE-4C2F-A38B-A41E50138251}.Release|Any CPU.ActiveCfg = Release|Any CPU
		{8F86BAC7-DAEE-4C2F-A38B-A41E50138251}.Release|Any CPU.Build.0 = Release|Any CPU
		{52211E05-F417-4637-A98E-B3569329CCAA}.Debug|Any CPU.ActiveCfg = Debug|Any CPU
		{52211E05-F417-4637-A98E-B3569329CCAA}.Debug|Any CPU.Build.0 = Debug|Any CPU
		{52211E05-F417-4637-A98E-B3569329CCAA}.Release|Any CPU.ActiveCfg = Release|Any CPU
		{52211E05-F417-4637-A98E-B3569329CCAA}.Release|Any CPU.Build.0 = Release|Any CPU
		{A08D6786-D935-41D0-AE6A-2C0D32E84F44}.Debug|Any CPU.ActiveCfg = Debug|Any CPU
		{A08D6786-D935-41D0-AE6A-2C0D32E84F44}.Debug|Any CPU.Build.0 = Debug|Any CPU
		{A08D6786-D935-41D0-AE6A-2C0D32E84F44}.Release|Any CPU.ActiveCfg = Release|Any CPU
		{A08D6786-D935-41D0-AE6A-2C0D32E84F44}.Release|Any CPU.Build.0 = Release|Any CPU
		{18828757-C042-4966-9203-4A5D0042DA3B}.Debug|Any CPU.ActiveCfg = Debug|Any CPU
		{18828757-C042-4966-9203-4A5D0042DA3B}.Debug|Any CPU.Build.0 = Debug|Any CPU
		{18828757-C042-4966-9203-4A5D0042DA3B}.Release|Any CPU.ActiveCfg = Release|Any CPU
		{18828757-C042-4966-9203-4A5D0042DA3B}.Release|Any CPU.Build.0 = Release|Any CPU
		{D4A03EFA-940E-43DE-AB95-9FC777B581A7}.Debug|Any CPU.ActiveCfg = Debug|Any CPU
		{D4A03EFA-940E-43DE-AB95-9FC777B581A7}.Debug|Any CPU.Build.0 = Debug|Any CPU
		{D4A03EFA-940E-43DE-AB95-9FC777B581A7}.Release|Any CPU.ActiveCfg = Release|Any CPU
		{D4A03EFA-940E-43DE-AB95-9FC777B581A7}.Release|Any CPU.Build.0 = Release|Any CPU
		{F9B0730E-DAE7-4B41-8E65-6CB4F9967E44}.Debug|Any CPU.ActiveCfg = Debug|Any CPU
		{F9B0730E-DAE7-4B41-8E65-6CB4F9967E44}.Debug|Any CPU.Build.0 = Debug|Any CPU
		{F9B0730E-DAE7-4B41-8E65-6CB4F9967E44}.Release|Any CPU.ActiveCfg = Release|Any CPU
		{F9B0730E-DAE7-4B41-8E65-6CB4F9967E44}.Release|Any CPU.Build.0 = Release|Any CPU
	EndGlobalSection
	GlobalSection(SolutionProperties) = preSolution
		HideSolutionNode = FALSE
	EndGlobalSection
	GlobalSection(NestedProjects) = preSolution
		{FEBEA48E-675C-444C-B946-F6F0EFF8A2A9} = {5AE68D1D-AB49-434A-A7F9-D64479A7B9B9}
		{C4410DD4-5AC1-4BB7-8EC9-52E62C3348C5} = {1BED8B5D-F93B-4E93-9025-EC3A5F297C36}
		{4E840E80-76C0-4E90-95C7-0BD21F497013} = {1BED8B5D-F93B-4E93-9025-EC3A5F297C36}
		{5A71B5B5-7D20-458B-9CFF-0AD3B5FF2825} = {1BED8B5D-F93B-4E93-9025-EC3A5F297C36}
		{D6105EAC-2D3E-4A73-AFA8-5C280E80DD07} = {E5A63358-756F-4C49-8728-ADEFD61F0A69}
		{566626B7-1E24-4717-A160-1CC47DE288C5} = {E5A63358-756F-4C49-8728-ADEFD61F0A69}
		{032CCBF7-0233-4C2D-A0CD-F33F962CBA58} = {E5A63358-756F-4C49-8728-ADEFD61F0A69}
		{E173234C-778A-46CB-9D9D-15BAD8255F91} = {E5A63358-756F-4C49-8728-ADEFD61F0A69}
		{FC0D137B-507F-4685-860B-126714186690} = {1BED8B5D-F93B-4E93-9025-EC3A5F297C36}
		{779F2E82-45E3-45DB-BE4B-AA46D0BC1898} = {1BED8B5D-F93B-4E93-9025-EC3A5F297C36}
		{29555948-8947-4E19-80D7-BF8D11934C07} = {0CE79595-5738-4587-9581-33D44FBDD0E3}
		{FF1BD344-EF08-4555-A305-B8B5C5872215} = {0CE79595-5738-4587-9581-33D44FBDD0E3}
		{385748CF-6B5A-417F-8936-A9C116829B72} = {5AE68D1D-AB49-434A-A7F9-D64479A7B9B9}
		{AFA6C470-7B01-43A1-A89C-95AEA80B506D} = {5AE68D1D-AB49-434A-A7F9-D64479A7B9B9}
		{ACB1FFFC-AEE6-42ED-8C74-665117E87122} = {779F2E82-45E3-45DB-BE4B-AA46D0BC1898}
		{8F86BAC7-DAEE-4C2F-A38B-A41E50138251} = {779F2E82-45E3-45DB-BE4B-AA46D0BC1898}
		{52211E05-F417-4637-A98E-B3569329CCAA} = {779F2E82-45E3-45DB-BE4B-AA46D0BC1898}
		{A08D6786-D935-41D0-AE6A-2C0D32E84F44} = {FEBEA48E-675C-444C-B946-F6F0EFF8A2A9}
		{18828757-C042-4966-9203-4A5D0042DA3B} = {FEBEA48E-675C-444C-B946-F6F0EFF8A2A9}
		{D4A03EFA-940E-43DE-AB95-9FC777B581A7} = {FEBEA48E-675C-444C-B946-F6F0EFF8A2A9}
		{F9B0730E-DAE7-4B41-8E65-6CB4F9967E44} = {779F2E82-45E3-45DB-BE4B-AA46D0BC1898}
	EndGlobalSection
	GlobalSection(ExtensibilityGlobals) = postSolution
		SolutionGuid = {B39901C7-2C1F-448B-87CA-48EB0AFF1CE2}
	EndGlobalSection
EndGlobal
